
Microsoft Visual Studio Solution File, Format Version 12.00
# Visual Studio Version 17
VisualStudioVersion = 17.0.31903.59
MinimumVisualStudioVersion = 10.0.40219.1
Project("{FAE04EC0-301F-11D3-BF4B-00C04F79EFBC}") = "TodoMcp.Shared", "TodoMcp.Shared\TodoMcp.Shared.csproj", "{F3495EF5-EA41-46BA-94F9-1AAB0B2B8653}"
EndProject
Project("{FAE04EC0-301F-11D3-BF4B-00C04F79EFBC}") = "TodoAPI", "TodoAPI\TodoAPI.csproj", "{372752DC-E491-40E2-8EEA-9F80A02505BB}"
EndProject
Global
	GlobalSection(SolutionConfigurationPlatforms) = preSolution
		Debug|Any CPU = Debug|Any CPU
		Debug|x64 = Debug|x64
		Debug|x86 = Debug|x86
		Release|Any CPU = Release|Any CPU
		Release|x64 = Release|x64
		Release|x86 = Release|x86
	EndGlobalSection
	GlobalSection(ProjectConfigurationPlatforms) = postSolution
		{F3495EF5-EA41-46BA-94F9-1AAB0B2B8653}.Debug|Any CPU.ActiveCfg = Debug|Any CPU
		{F3495EF5-EA41-46BA-94F9-1AAB0B2B8653}.Debug|Any CPU.Build.0 = Debug|Any CPU
		{F3495EF5-EA41-46BA-94F9-1AAB0B2B8653}.Debug|x64.ActiveCfg = Debug|Any CPU
		{F3495EF5-EA41-46BA-94F9-1AAB0B2B8653}.Debug|x64.Build.0 = Debug|Any CPU
		{F3495EF5-EA41-46BA-94F9-1AAB0B2B8653}.Debug|x86.ActiveCfg = Debug|Any CPU
		{F3495EF5-EA41-46BA-94F9-1AAB0B2B8653}.Debug|x86.Build.0 = Debug|Any CPU
		{F3495EF5-EA41-46BA-94F9-1AAB0B2B8653}.Release|Any CPU.ActiveCfg = Release|Any CPU
		{F3495EF5-EA41-46BA-94F9-1AAB0B2B8653}.Release|Any CPU.Build.0 = Release|Any CPU
		{F3495EF5-EA41-46BA-94F9-1AAB0B2B8653}.Release|x64.ActiveCfg = Release|Any CPU
		{F3495EF5-EA41-46BA-94F9-1AAB0B2B8653}.Release|x64.Build.0 = Release|Any CPU
		{F3495EF5-EA41-46BA-94F9-1AAB0B2B8653}.Release|x86.ActiveCfg = Release|Any CPU
		{F3495EF5-EA41-46BA-94F9-1AAB0B2B8653}.Release|x86.Build.0 = Release|Any CPU
		{4006B4BD-B31B-4679-A6B2-EF0B4BCF7A73}.Debug|Any CPU.ActiveCfg = Debug|Any CPU
		{4006B4BD-B31B-4679-A6B2-EF0B4BCF7A73}.Debug|Any CPU.Build.0 = Debug|Any CPU
		{4006B4BD-B31B-4679-A6B2-EF0B4BCF7A73}.Debug|x64.ActiveCfg = Debug|Any CPU
		{4006B4BD-B31B-4679-A6B2-EF0B4BCF7A73}.Debug|x64.Build.0 = Debug|Any CPU
		{4006B4BD-B31B-4679-A6B2-EF0B4BCF7A73}.Debug|x86.ActiveCfg = Debug|Any CPU
		{4006B4BD-B31B-4679-A6B2-EF0B4BCF7A73}.Debug|x86.Build.0 = Debug|Any CPU
		{4006B4BD-B31B-4679-A6B2-EF0B4BCF7A73}.Release|Any CPU.ActiveCfg = Release|Any CPU
		{4006B4BD-B31B-4679-A6B2-EF0B4BCF7A73}.Release|Any CPU.Build.0 = Release|Any CPU
		{4006B4BD-B31B-4679-A6B2-EF0B4BCF7A73}.Release|x64.ActiveCfg = Release|Any CPU
		{4006B4BD-B31B-4679-A6B2-EF0B4BCF7A73}.Release|x64.Build.0 = Release|Any CPU
		{4006B4BD-B31B-4679-A6B2-EF0B4BCF7A73}.Release|x86.ActiveCfg = Release|Any CPU
		{4006B4BD-B31B-4679-A6B2-EF0B4BCF7A73}.Release|x86.Build.0 = Release|Any CPU
		{372752DC-E491-40E2-8EEA-9F80A02505BB}.Debug|Any CPU.ActiveCfg = Debug|Any CPU
		{372752DC-E491-40E2-8EEA-9F80A02505BB}.Debug|Any CPU.Build.0 = Debug|Any CPU
		{372752DC-E491-40E2-8EEA-9F80A02505BB}.Debug|x64.ActiveCfg = Debug|Any CPU
		{372752DC-E491-40E2-8EEA-9F80A02505BB}.Debug|x64.Build.0 = Debug|Any CPU
		{372752DC-E491-40E2-8EEA-9F80A02505BB}.Debug|x86.ActiveCfg = Debug|Any CPU
		{372752DC-E491-40E2-8EEA-9F80A02505BB}.Debug|x86.Build.0 = Debug|Any CPU
		{372752DC-E491-40E2-8EEA-9F80A02505BB}.Release|Any CPU.ActiveCfg = Release|Any CPU
		{372752DC-E491-40E2-8EEA-9F80A02505BB}.Release|Any CPU.Build.0 = Release|Any CPU
		{372752DC-E491-40E2-8EEA-9F80A02505BB}.Release|x64.ActiveCfg = Release|Any CPU
		{372752DC-E491-40E2-8EEA-9F80A02505BB}.Release|x64.Build.0 = Release|Any CPU
		{372752DC-E491-40E2-8EEA-9F80A02505BB}.Release|x86.ActiveCfg = Release|Any CPU
		{372752DC-E491-40E2-8EEA-9F80A02505BB}.Release|x86.Build.0 = Release|Any CPU
	EndGlobalSection
	GlobalSection(SolutionProperties) = preSolution
		HideSolutionNode = FALSE
	EndGlobalSection
EndGlobal
